
Microsoft Visual Studio Solution File, Format Version 12.00
# Visual Studio 14
VisualStudioVersion = 14.0.25420.1
MinimumVisualStudioVersion = 10.0.40219.1
Project("{FAE04EC0-301F-11D3-BF4B-00C04F79EFBC}") = "Stardust.Interstellar.Rest", "Stardust.Interstellar.Rest.csproj", "{5EE819E3-B588-431F-B5DA-3EBC0557242B}"
EndProject
Project("{FAE04EC0-301F-11D3-BF4B-00C04F79EFBC}") = "Stardust.Interstellar.Rest.Test", "..\Stardust.Interstellar.Rest.Test\Stardust.Interstellar.Rest.Test.csproj", "{A8F36C71-B22B-44D4-B4E4-5DAF6D1DAE9D}"
EndProject
Project("{FAE04EC0-301F-11D3-BF4B-00C04F79EFBC}") = "Stardust.Interstellar.Rest.WcfAdapter", "..\Stardust.Interstellar.Rest.Legacy\Stardust.Interstellar.Rest.WcfAdapter.csproj", "{928518E9-D24D-4C42-A9D8-C6876C8720A4}"
EndProject
Project("{FAE04EC0-301F-11D3-BF4B-00C04F79EFBC}") = "Stardust.Interstellar.Config", "..\Stardust.Interstellar.Config\Stardust.Interstellar.Config.csproj", "{D2917D5F-DBEC-48B4-A44D-38A2B26F36AA}"
EndProject
Project("{2150E333-8FDC-42A3-9474-1A3956D46DE8}") = "Solution Items", "Solution Items", "{9498D521-91EA-4E6C-BD30-5C118C5BA5C8}"
	ProjectSection(SolutionItems) = preProject
		..\README.md = ..\README.md
		WE-Markdown.css = WE-Markdown.css
		WebEssentials2015-Settings.json = WebEssentials2015-Settings.json
	EndProjectSection
EndProject
Project("{FAE04EC0-301F-11D3-BF4B-00C04F79EFBC}") = "Stardust.Interstellar.Test", "..\Stardust.Interstellar.Test\Stardust.Interstellar.Test.csproj", "{B8C0D439-6286-40E9-92C1-1DA267C2E83A}"
EndProject
Project("{FAE04EC0-301F-11D3-BF4B-00C04F79EFBC}") = "Stardust.Interstellar", "..\Stardust.Interstellar\Stardust.Interstellar.csproj", "{76D64B5E-B138-493B-A332-B54090C96F41}"
EndProject
Project("{FAE04EC0-301F-11D3-BF4B-00C04F79EFBC}") = "Stardust.Interstellar.Rest.Annotations", "..\Stardust.Interstellar.Rest.Annotations\Stardust.Interstellar.Rest.Annotations.csproj", "{FB9F29E3-83D5-4751-BAFC-CCB64E40F220}"
EndProject
Project("{FAE04EC0-301F-11D3-BF4B-00C04F79EFBC}") = "Swashbuckle.Stardust.Interstellar", "..\Swashbuckle.Stardust.Interstellar\Swashbuckle.Stardust.Interstellar.csproj", "{9984CB92-BE24-452D-8DDD-001436E4AAC7}"
EndProject
Project("{FAE04EC0-301F-11D3-BF4B-00C04F79EFBC}") = "Stardust.Interstellar.Generator", "..\Stardust.Interstellar.Generator\Stardust.Interstellar.Generator.csproj", "{8DB9B08A-01EB-4E35-A3FD-507152C83A6C}"
EndProject
Project("{FAE04EC0-301F-11D3-BF4B-00C04F79EFBC}") = "Stardust.Continuum", "..\Stardust.Continuum\Stardust.Continuum.csproj", "{DE8052E7-096C-4754-9275-1B0DC18F6A1A}"
EndProject
Project("{FAE04EC0-301F-11D3-BF4B-00C04F79EFBC}") = "Stardust.Continuum.Client", "Stardust.Interstellar.Continuum.Client\Stardust.Continuum.Client.csproj", "{C32996BE-E728-4FBC-B294-E8C1EB563950}"
EndProject
Project("{2150E333-8FDC-42A3-9474-1A3956D46DE8}") = "InstallPackage", "InstallPackage", "{DB20A1DA-B1DA-4919-B638-1EB2482C031B}"
	ProjectSection(SolutionItems) = preProject
		..\ContinuumInstall\continuum.md = ..\ContinuumInstall\continuum.md
		..\ContinuumInstall\Stardust.Continuum.deploy-readme.txt = ..\ContinuumInstall\Stardust.Continuum.deploy-readme.txt
		..\ContinuumInstall\Stardust.Continuum.deploy.cmd = ..\ContinuumInstall\Stardust.Continuum.deploy.cmd
		..\ContinuumInstall\Stardust.Continuum.SetParameters.xml = ..\ContinuumInstall\Stardust.Continuum.SetParameters.xml
		..\ContinuumInstall\Stardust.Continuum.SourceManifest.xml = ..\ContinuumInstall\Stardust.Continuum.SourceManifest.xml
		..\ContinuumInstall\Stardust.Continuum.zip = ..\ContinuumInstall\Stardust.Continuum.zip
	EndProjectSection
EndProject
Project("{FAE04EC0-301F-11D3-BF4B-00C04F79EFBC}") = "Continuum.Test", "..\Continuum.Test\Continuum.Test.csproj", "{34E5C748-8CEF-4368-8A29-DE3DC3FDEAF5}"
EndProject
Project("{2150E333-8FDC-42A3-9474-1A3956D46DE8}") = "Continuum", "Continuum", "{F74F09E4-27D1-4254-988D-E4E5FD2B438C}"
EndProject
Project("{FAE04EC0-301F-11D3-BF4B-00C04F79EFBC}") = "Continuum.Master.Host", "..\Continuum.Master.Host\Continuum.Master.Host.csproj", "{6467146C-1EE8-4271-AC76-16A2033B3B36}"
EndProject
Project("{FAE04EC0-301F-11D3-BF4B-00C04F79EFBC}") = "Continuum.Master.Model", "Continuum.Master.Model\Continuum.Master.Model.csproj", "{4FFB526B-B623-48E4-904E-B21C44CF49F6}"
EndProject
Project("{FAE04EC0-301F-11D3-BF4B-00C04F79EFBC}") = "Continuum.Master.ControlUnit", "Continuum.Master.ControlUnit\Continuum.Master.ControlUnit.csproj", "{3E912607-A168-44E6-9CF7-5F01E55D5593}"
EndProject
Project("{FAE04EC0-301F-11D3-BF4B-00C04F79EFBC}") = "Stardust.Continuum.Log4Net", "..\Stardust.Continuum.Log4Net\Stardust.Continuum.Log4Net.csproj", "{D9D379AF-7269-4F97-B7B7-5EC3FCAEA54C}"
EndProject
Project("{FAE04EC0-301F-11D3-BF4B-00C04F79EFBC}") = "Stardust.Interstellar.Rest.Jil", "..\Stardust.Interstellar.Rest.Jil\Stardust.Interstellar.Rest.Jil.csproj", "{F84C83F6-768D-4D19-92F9-CB9478C98D4C}"
EndProject
Global
	GlobalSection(SolutionConfigurationPlatforms) = preSolution
		Debug|Any CPU = Debug|Any CPU
		Release|Any CPU = Release|Any CPU
	EndGlobalSection
	GlobalSection(ProjectConfigurationPlatforms) = postSolution
		{5EE819E3-B588-431F-B5DA-3EBC0557242B}.Debug|Any CPU.ActiveCfg = Debug|Any CPU
		{5EE819E3-B588-431F-B5DA-3EBC0557242B}.Debug|Any CPU.Build.0 = Debug|Any CPU
		{5EE819E3-B588-431F-B5DA-3EBC0557242B}.Release|Any CPU.ActiveCfg = Release|Any CPU
		{5EE819E3-B588-431F-B5DA-3EBC0557242B}.Release|Any CPU.Build.0 = Release|Any CPU
		{A8F36C71-B22B-44D4-B4E4-5DAF6D1DAE9D}.Debug|Any CPU.ActiveCfg = Debug|Any CPU
		{A8F36C71-B22B-44D4-B4E4-5DAF6D1DAE9D}.Debug|Any CPU.Build.0 = Debug|Any CPU
		{A8F36C71-B22B-44D4-B4E4-5DAF6D1DAE9D}.Release|Any CPU.ActiveCfg = Release|Any CPU
		{A8F36C71-B22B-44D4-B4E4-5DAF6D1DAE9D}.Release|Any CPU.Build.0 = Release|Any CPU
		{928518E9-D24D-4C42-A9D8-C6876C8720A4}.Debug|Any CPU.ActiveCfg = Debug|Any CPU
		{928518E9-D24D-4C42-A9D8-C6876C8720A4}.Debug|Any CPU.Build.0 = Debug|Any CPU
		{928518E9-D24D-4C42-A9D8-C6876C8720A4}.Release|Any CPU.ActiveCfg = Release|Any CPU
		{928518E9-D24D-4C42-A9D8-C6876C8720A4}.Release|Any CPU.Build.0 = Release|Any CPU
		{D2917D5F-DBEC-48B4-A44D-38A2B26F36AA}.Debug|Any CPU.ActiveCfg = Debug|Any CPU
		{D2917D5F-DBEC-48B4-A44D-38A2B26F36AA}.Debug|Any CPU.Build.0 = Debug|Any CPU
		{D2917D5F-DBEC-48B4-A44D-38A2B26F36AA}.Release|Any CPU.ActiveCfg = Release|Any CPU
		{D2917D5F-DBEC-48B4-A44D-38A2B26F36AA}.Release|Any CPU.Build.0 = Release|Any CPU
		{B8C0D439-6286-40E9-92C1-1DA267C2E83A}.Debug|Any CPU.ActiveCfg = Debug|Any CPU
		{B8C0D439-6286-40E9-92C1-1DA267C2E83A}.Debug|Any CPU.Build.0 = Debug|Any CPU
		{B8C0D439-6286-40E9-92C1-1DA267C2E83A}.Release|Any CPU.ActiveCfg = Release|Any CPU
		{B8C0D439-6286-40E9-92C1-1DA267C2E83A}.Release|Any CPU.Build.0 = Release|Any CPU
		{76D64B5E-B138-493B-A332-B54090C96F41}.Debug|Any CPU.ActiveCfg = Debug|Any CPU
		{76D64B5E-B138-493B-A332-B54090C96F41}.Debug|Any CPU.Build.0 = Debug|Any CPU
		{76D64B5E-B138-493B-A332-B54090C96F41}.Release|Any CPU.ActiveCfg = Release|Any CPU
		{76D64B5E-B138-493B-A332-B54090C96F41}.Release|Any CPU.Build.0 = Release|Any CPU
		{FB9F29E3-83D5-4751-BAFC-CCB64E40F220}.Debug|Any CPU.ActiveCfg = Debug|Any CPU
		{FB9F29E3-83D5-4751-BAFC-CCB64E40F220}.Debug|Any CPU.Build.0 = Debug|Any CPU
		{FB9F29E3-83D5-4751-BAFC-CCB64E40F220}.Release|Any CPU.ActiveCfg = Release|Any CPU
		{FB9F29E3-83D5-4751-BAFC-CCB64E40F220}.Release|Any CPU.Build.0 = Release|Any CPU
		{9984CB92-BE24-452D-8DDD-001436E4AAC7}.Debug|Any CPU.ActiveCfg = Debug|Any CPU
		{9984CB92-BE24-452D-8DDD-001436E4AAC7}.Debug|Any CPU.Build.0 = Debug|Any CPU
		{9984CB92-BE24-452D-8DDD-001436E4AAC7}.Release|Any CPU.ActiveCfg = Release|Any CPU
		{9984CB92-BE24-452D-8DDD-001436E4AAC7}.Release|Any CPU.Build.0 = Release|Any CPU
		{8DB9B08A-01EB-4E35-A3FD-507152C83A6C}.Debug|Any CPU.ActiveCfg = Debug|Any CPU
		{8DB9B08A-01EB-4E35-A3FD-507152C83A6C}.Debug|Any CPU.Build.0 = Debug|Any CPU
		{8DB9B08A-01EB-4E35-A3FD-507152C83A6C}.Release|Any CPU.ActiveCfg = Release|Any CPU
		{8DB9B08A-01EB-4E35-A3FD-507152C83A6C}.Release|Any CPU.Build.0 = Release|Any CPU
		{DE8052E7-096C-4754-9275-1B0DC18F6A1A}.Debug|Any CPU.ActiveCfg = Debug|Any CPU
		{DE8052E7-096C-4754-9275-1B0DC18F6A1A}.Debug|Any CPU.Build.0 = Debug|Any CPU
		{DE8052E7-096C-4754-9275-1B0DC18F6A1A}.Release|Any CPU.ActiveCfg = Release|Any CPU
		{DE8052E7-096C-4754-9275-1B0DC18F6A1A}.Release|Any CPU.Build.0 = Release|Any CPU
		{C32996BE-E728-4FBC-B294-E8C1EB563950}.Debug|Any CPU.ActiveCfg = Debug|Any CPU
		{C32996BE-E728-4FBC-B294-E8C1EB563950}.Debug|Any CPU.Build.0 = Debug|Any CPU
		{C32996BE-E728-4FBC-B294-E8C1EB563950}.Release|Any CPU.ActiveCfg = Release|Any CPU
		{C32996BE-E728-4FBC-B294-E8C1EB563950}.Release|Any CPU.Build.0 = Release|Any CPU
		{34E5C748-8CEF-4368-8A29-DE3DC3FDEAF5}.Debug|Any CPU.ActiveCfg = Debug|Any CPU
		{34E5C748-8CEF-4368-8A29-DE3DC3FDEAF5}.Debug|Any CPU.Build.0 = Debug|Any CPU
		{34E5C748-8CEF-4368-8A29-DE3DC3FDEAF5}.Release|Any CPU.ActiveCfg = Release|Any CPU
		{34E5C748-8CEF-4368-8A29-DE3DC3FDEAF5}.Release|Any CPU.Build.0 = Release|Any CPU
		{6467146C-1EE8-4271-AC76-16A2033B3B36}.Debug|Any CPU.ActiveCfg = Debug|Any CPU
		{6467146C-1EE8-4271-AC76-16A2033B3B36}.Debug|Any CPU.Build.0 = Debug|Any CPU
		{6467146C-1EE8-4271-AC76-16A2033B3B36}.Release|Any CPU.ActiveCfg = Release|Any CPU
		{6467146C-1EE8-4271-AC76-16A2033B3B36}.Release|Any CPU.Build.0 = Release|Any CPU
		{4FFB526B-B623-48E4-904E-B21C44CF49F6}.Debug|Any CPU.ActiveCfg = Debug|Any CPU
		{4FFB526B-B623-48E4-904E-B21C44CF49F6}.Debug|Any CPU.Build.0 = Debug|Any CPU
		{4FFB526B-B623-48E4-904E-B21C44CF49F6}.Release|Any CPU.ActiveCfg = Release|Any CPU
		{4FFB526B-B623-48E4-904E-B21C44CF49F6}.Release|Any CPU.Build.0 = Release|Any CPU
		{3E912607-A168-44E6-9CF7-5F01E55D5593}.Debug|Any CPU.ActiveCfg = Debug|Any CPU
		{3E912607-A168-44E6-9CF7-5F01E55D5593}.Debug|Any CPU.Build.0 = Debug|Any CPU
		{3E912607-A168-44E6-9CF7-5F01E55D5593}.Release|Any CPU.ActiveCfg = Release|Any CPU
		{3E912607-A168-44E6-9CF7-5F01E55D5593}.Release|Any CPU.Build.0 = Release|Any CPU
		{D9D379AF-7269-4F97-B7B7-5EC3FCAEA54C}.Debug|Any CPU.ActiveCfg = Debug|Any CPU
		{D9D379AF-7269-4F97-B7B7-5EC3FCAEA54C}.Debug|Any CPU.Build.0 = Debug|Any CPU
		{D9D379AF-7269-4F97-B7B7-5EC3FCAEA54C}.Release|Any CPU.ActiveCfg = Release|Any CPU
		{D9D379AF-7269-4F97-B7B7-5EC3FCAEA54C}.Release|Any CPU.Build.0 = Release|Any CPU
		{F84C83F6-768D-4D19-92F9-CB9478C98D4C}.Debug|Any CPU.ActiveCfg = Debug|Any CPU
		{F84C83F6-768D-4D19-92F9-CB9478C98D4C}.Debug|Any CPU.Build.0 = Debug|Any CPU
		{F84C83F6-768D-4D19-92F9-CB9478C98D4C}.Release|Any CPU.ActiveCfg = Release|Any CPU
		{F84C83F6-768D-4D19-92F9-CB9478C98D4C}.Release|Any CPU.Build.0 = Release|Any CPU
	EndGlobalSection
	GlobalSection(SolutionProperties) = preSolution
		HideSolutionNode = FALSE
	EndGlobalSection
	GlobalSection(NestedProjects) = preSolution
		{DE8052E7-096C-4754-9275-1B0DC18F6A1A} = {F74F09E4-27D1-4254-988D-E4E5FD2B438C}
		{C32996BE-E728-4FBC-B294-E8C1EB563950} = {F74F09E4-27D1-4254-988D-E4E5FD2B438C}
		{34E5C748-8CEF-4368-8A29-DE3DC3FDEAF5} = {F74F09E4-27D1-4254-988D-E4E5FD2B438C}
		{6467146C-1EE8-4271-AC76-16A2033B3B36} = {F74F09E4-27D1-4254-988D-E4E5FD2B438C}
		{4FFB526B-B623-48E4-904E-B21C44CF49F6} = {F74F09E4-27D1-4254-988D-E4E5FD2B438C}
		{3E912607-A168-44E6-9CF7-5F01E55D5593} = {F74F09E4-27D1-4254-988D-E4E5FD2B438C}
		{D9D379AF-7269-4F97-B7B7-5EC3FCAEA54C} = {F74F09E4-27D1-4254-988D-E4E5FD2B438C}
	EndGlobalSection
EndGlobal
